// !$*UTF8*$!
{
	archiveVersion = 1;
	classes = {
	};
	objectVersion = 46;
	objects = {

/* Begin PBXBuildFile section */
		00C076381ECD850500ECE682 /* AppDelegate.swift in Sources */ = {isa = PBXBuildFile; fileRef = 00C076371ECD850500ECE682 /* AppDelegate.swift */; };
		00C0763A1ECD850500ECE682 /* ViewController.swift in Sources */ = {isa = PBXBuildFile; fileRef = 00C076391ECD850500ECE682 /* ViewController.swift */; };
		00C0763D1ECD850500ECE682 /* Main.storyboard in Resources */ = {isa = PBXBuildFile; fileRef = 00C0763B1ECD850500ECE682 /* Main.storyboard */; };
		00C0763F1ECD850500ECE682 /* Assets.xcassets in Resources */ = {isa = PBXBuildFile; fileRef = 00C0763E1ECD850500ECE682 /* Assets.xcassets */; };
		00C076421ECD850500ECE682 /* LaunchScreen.storyboard in Resources */ = {isa = PBXBuildFile; fileRef = 00C076401ECD850500ECE682 /* LaunchScreen.storyboard */; };
		00C0764D1ECD850500ECE682 /* OathSampleTests.swift in Sources */ = {isa = PBXBuildFile; fileRef = 00C0764C1ECD850500ECE682 /* OathSampleTests.swift */; };
		00C076581ECD850500ECE682 /* OathSampleUITests.swift in Sources */ = {isa = PBXBuildFile; fileRef = 00C076571ECD850500ECE682 /* OathSampleUITests.swift */; };
		00C076921ECD856A00ECE682 /* AlamofireImplementations.swift in Sources */ = {isa = PBXBuildFile; fileRef = 00C076651ECD856A00ECE682 /* AlamofireImplementations.swift */; };
		00C076931ECD856A00ECE682 /* APIHelper.swift in Sources */ = {isa = PBXBuildFile; fileRef = 00C076661ECD856A00ECE682 /* APIHelper.swift */; };
		00C076941ECD856A00ECE682 /* DefaultAPI.swift in Sources */ = {isa = PBXBuildFile; fileRef = 00C076681ECD856A00ECE682 /* DefaultAPI.swift */; };
		00C076951ECD856A00ECE682 /* APIs.swift in Sources */ = {isa = PBXBuildFile; fileRef = 00C076691ECD856A00ECE682 /* APIs.swift */; };
		00C076961ECD856A00ECE682 /* ApiKeyAuth.swift in Sources */ = {isa = PBXBuildFile; fileRef = 00C0766B1ECD856A00ECE682 /* ApiKeyAuth.swift */; };
		00C076971ECD856A00ECE682 /* Authentication.swift in Sources */ = {isa = PBXBuildFile; fileRef = 00C0766C1ECD856A00ECE682 /* Authentication.swift */; };
		00C076981ECD856A00ECE682 /* HTTPBasicAuth.swift in Sources */ = {isa = PBXBuildFile; fileRef = 00C0766D1ECD856A00ECE682 /* HTTPBasicAuth.swift */; };
		00C076991ECD856A00ECE682 /* Keychain.swift in Sources */ = {isa = PBXBuildFile; fileRef = 00C0766E1ECD856A00ECE682 /* Keychain.swift */; };
		00C0769A1ECD856A00ECE682 /* OAuth.swift in Sources */ = {isa = PBXBuildFile; fileRef = 00C0766F1ECD856A00ECE682 /* OAuth.swift */; };
		00C0769B1ECD856A00ECE682 /* OAuthApplication.swift in Sources */ = {isa = PBXBuildFile; fileRef = 00C076701ECD856A00ECE682 /* OAuthApplication.swift */; };
		00C0769C1ECD856A00ECE682 /* OAuthExplicit.swift in Sources */ = {isa = PBXBuildFile; fileRef = 00C076711ECD856A00ECE682 /* OAuthExplicit.swift */; };
		00C0769D1ECD856A00ECE682 /* OAuthImplicit.swift in Sources */ = {isa = PBXBuildFile; fileRef = 00C076721ECD856A00ECE682 /* OAuthImplicit.swift */; };
		00C0769E1ECD856A00ECE682 /* OAuthPassword.swift in Sources */ = {isa = PBXBuildFile; fileRef = 00C076731ECD856A00ECE682 /* OAuthPassword.swift */; };
		00C0769F1ECD856A00ECE682 /* Extensions.swift in Sources */ = {isa = PBXBuildFile; fileRef = 00C076741ECD856A00ECE682 /* Extensions.swift */; };
		00C076A01ECD856A00ECE682 /* ApiResponse.swift in Sources */ = {isa = PBXBuildFile; fileRef = 00C076761ECD856A00ECE682 /* ApiResponse.swift */; };
		00C076A11ECD856A00ECE682 /* Category.swift in Sources */ = {isa = PBXBuildFile; fileRef = 00C076771ECD856A00ECE682 /* Category.swift */; };
		00C076A21ECD856A00ECE682 /* Order.swift in Sources */ = {isa = PBXBuildFile; fileRef = 00C076781ECD856A00ECE682 /* Order.swift */; };
		00C076A31ECD856A00ECE682 /* Pet.swift in Sources */ = {isa = PBXBuildFile; fileRef = 00C076791ECD856A00ECE682 /* Pet.swift */; };
		00C076A41ECD856A00ECE682 /* Tag.swift in Sources */ = {isa = PBXBuildFile; fileRef = 00C0767A1ECD856A00ECE682 /* Tag.swift */; };
		00C076A51ECD856A00ECE682 /* User.swift in Sources */ = {isa = PBXBuildFile; fileRef = 00C0767B1ECD856A00ECE682 /* User.swift */; };
		00C076A61ECD856A00ECE682 /* Models.swift in Sources */ = {isa = PBXBuildFile; fileRef = 00C0767C1ECD856A00ECE682 /* Models.swift */; };
		00C076A71ECD856A00ECE682 /* AFError.swift in Sources */ = {isa = PBXBuildFile; fileRef = 00C0767E1ECD856A00ECE682 /* AFError.swift */; };
		00C076A91ECD856A00ECE682 /* AXMultipartFormData.swift in Sources */ = {isa = PBXBuildFile; fileRef = 00C076801ECD856A00ECE682 /* AXMultipartFormData.swift */; };
		00C076AA1ECD856A00ECE682 /* AXNetworkReachabilityManager.swift in Sources */ = {isa = PBXBuildFile; fileRef = 00C076811ECD856A00ECE682 /* AXNetworkReachabilityManager.swift */; };
		00C076AB1ECD856A00ECE682 /* AXParameterEncoding.swift in Sources */ = {isa = PBXBuildFile; fileRef = 00C076821ECD856A00ECE682 /* AXParameterEncoding.swift */; };
		00C076AC1ECD856A00ECE682 /* AXRequest.swift in Sources */ = {isa = PBXBuildFile; fileRef = 00C076831ECD856A00ECE682 /* AXRequest.swift */; };
		00C076AD1ECD856A00ECE682 /* AXResponse.swift in Sources */ = {isa = PBXBuildFile; fileRef = 00C076841ECD856A00ECE682 /* AXResponse.swift */; };
		00C076AE1ECD856A00ECE682 /* AXResponseSerialization.swift in Sources */ = {isa = PBXBuildFile; fileRef = 00C076851ECD856A00ECE682 /* AXResponseSerialization.swift */; };
		00C076AF1ECD856A00ECE682 /* AXResult.swift in Sources */ = {isa = PBXBuildFile; fileRef = 00C076861ECD856A00ECE682 /* AXResult.swift */; };
		00C076B01ECD856A00ECE682 /* AXServerTrustPolicy.swift in Sources */ = {isa = PBXBuildFile; fileRef = 00C076871ECD856A00ECE682 /* AXServerTrustPolicy.swift */; };
		00C076B11ECD856A00ECE682 /* AXSessionDelegate.swift in Sources */ = {isa = PBXBuildFile; fileRef = 00C076881ECD856A00ECE682 /* AXSessionDelegate.swift */; };
		00C076B21ECD856A00ECE682 /* AXSessionManager.swift in Sources */ = {isa = PBXBuildFile; fileRef = 00C076891ECD856A00ECE682 /* AXSessionManager.swift */; };
		00C076B31ECD856A00ECE682 /* AXTaskDelegate.swift in Sources */ = {isa = PBXBuildFile; fileRef = 00C0768A1ECD856A00ECE682 /* AXTaskDelegate.swift */; };
		00C076B41ECD856A00ECE682 /* AXTimeline.swift in Sources */ = {isa = PBXBuildFile; fileRef = 00C0768B1ECD856A00ECE682 /* AXTimeline.swift */; };
		00C076B51ECD856A00ECE682 /* AXValidation.swift in Sources */ = {isa = PBXBuildFile; fileRef = 00C0768C1ECD856A00ECE682 /* AXValidation.swift */; };
		00C076B61ECD856A00ECE682 /* DispatchQueue+Alamofire.swift in Sources */ = {isa = PBXBuildFile; fileRef = 00C0768D1ECD856A00ECE682 /* DispatchQueue+Alamofire.swift */; };
		00C076B71ECD856A00ECE682 /* Notifications.swift in Sources */ = {isa = PBXBuildFile; fileRef = 00C0768E1ECD856A00ECE682 /* Notifications.swift */; };
		00C076B81ECD856A00ECE682 /* AuthBrowserController.swift in Sources */ = {isa = PBXBuildFile; fileRef = 00C076901ECD856A00ECE682 /* AuthBrowserController.swift */; };
		00C076B91ECD856A00ECE682 /* Logger.swift in Sources */ = {isa = PBXBuildFile; fileRef = 00C076911ECD856A00ECE682 /* Logger.swift */; };
/* End PBXBuildFile section */

/* Begin PBXContainerItemProxy section */
		00C076491ECD850500ECE682 /* PBXContainerItemProxy */ = {
			isa = PBXContainerItemProxy;
			containerPortal = 00C0762C1ECD850500ECE682 /* Project object */;
			proxyType = 1;
			remoteGlobalIDString = 00C076331ECD850500ECE682;
			remoteInfo = OathSample;
		};
		00C076541ECD850500ECE682 /* PBXContainerItemProxy */ = {
			isa = PBXContainerItemProxy;
			containerPortal = 00C0762C1ECD850500ECE682 /* Project object */;
			proxyType = 1;
			remoteGlobalIDString = 00C076331ECD850500ECE682;
			remoteInfo = OathSample;
		};
/* End PBXContainerItemProxy section */

/* Begin PBXFileReference section */
		00C076341ECD850500ECE682 /* OathSample.app */ = {isa = PBXFileReference; explicitFileType = wrapper.application; includeInIndex = 0; path = OathSample.app; sourceTree = BUILT_PRODUCTS_DIR; };
		00C076371ECD850500ECE682 /* AppDelegate.swift */ = {isa = PBXFileReference; lastKnownFileType = sourcecode.swift; path = AppDelegate.swift; sourceTree = "<group>"; };
		00C076391ECD850500ECE682 /* ViewController.swift */ = {isa = PBXFileReference; lastKnownFileType = sourcecode.swift; path = ViewController.swift; sourceTree = "<group>"; };
		00C0763C1ECD850500ECE682 /* Base */ = {isa = PBXFileReference; lastKnownFileType = file.storyboard; name = Base; path = Base.lproj/Main.storyboard; sourceTree = "<group>"; };
		00C0763E1ECD850500ECE682 /* Assets.xcassets */ = {isa = PBXFileReference; lastKnownFileType = folder.assetcatalog; path = Assets.xcassets; sourceTree = "<group>"; };
		00C076411ECD850500ECE682 /* Base */ = {isa = PBXFileReference; lastKnownFileType = file.storyboard; name = Base; path = Base.lproj/LaunchScreen.storyboard; sourceTree = "<group>"; };
		00C076431ECD850500ECE682 /* Info.plist */ = {isa = PBXFileReference; lastKnownFileType = text.plist.xml; path = Info.plist; sourceTree = "<group>"; };
		00C076481ECD850500ECE682 /* OathSampleTests.xctest */ = {isa = PBXFileReference; explicitFileType = wrapper.cfbundle; includeInIndex = 0; path = OathSampleTests.xctest; sourceTree = BUILT_PRODUCTS_DIR; };
		00C0764C1ECD850500ECE682 /* OathSampleTests.swift */ = {isa = PBXFileReference; lastKnownFileType = sourcecode.swift; path = OathSampleTests.swift; sourceTree = "<group>"; };
		00C0764E1ECD850500ECE682 /* Info.plist */ = {isa = PBXFileReference; lastKnownFileType = text.plist.xml; path = Info.plist; sourceTree = "<group>"; };
		00C076531ECD850500ECE682 /* OathSampleUITests.xctest */ = {isa = PBXFileReference; explicitFileType = wrapper.cfbundle; includeInIndex = 0; path = OathSampleUITests.xctest; sourceTree = BUILT_PRODUCTS_DIR; };
		00C076571ECD850500ECE682 /* OathSampleUITests.swift */ = {isa = PBXFileReference; lastKnownFileType = sourcecode.swift; path = OathSampleUITests.swift; sourceTree = "<group>"; };
		00C076591ECD850500ECE682 /* Info.plist */ = {isa = PBXFileReference; lastKnownFileType = text.plist.xml; path = Info.plist; sourceTree = "<group>"; };
		00C076651ECD856A00ECE682 /* AlamofireImplementations.swift */ = {isa = PBXFileReference; fileEncoding = 4; lastKnownFileType = sourcecode.swift; path = AlamofireImplementations.swift; sourceTree = "<group>"; };
		00C076661ECD856A00ECE682 /* APIHelper.swift */ = {isa = PBXFileReference; fileEncoding = 4; lastKnownFileType = sourcecode.swift; path = APIHelper.swift; sourceTree = "<group>"; };
		00C076681ECD856A00ECE682 /* DefaultAPI.swift */ = {isa = PBXFileReference; fileEncoding = 4; lastKnownFileType = sourcecode.swift; path = DefaultAPI.swift; sourceTree = "<group>"; };
		00C076691ECD856A00ECE682 /* APIs.swift */ = {isa = PBXFileReference; fileEncoding = 4; lastKnownFileType = sourcecode.swift; path = APIs.swift; sourceTree = "<group>"; };
		00C0766B1ECD856A00ECE682 /* ApiKeyAuth.swift */ = {isa = PBXFileReference; fileEncoding = 4; lastKnownFileType = sourcecode.swift; path = ApiKeyAuth.swift; sourceTree = "<group>"; };
		00C0766C1ECD856A00ECE682 /* Authentication.swift */ = {isa = PBXFileReference; fileEncoding = 4; lastKnownFileType = sourcecode.swift; path = Authentication.swift; sourceTree = "<group>"; };
		00C0766D1ECD856A00ECE682 /* HTTPBasicAuth.swift */ = {isa = PBXFileReference; fileEncoding = 4; lastKnownFileType = sourcecode.swift; path = HTTPBasicAuth.swift; sourceTree = "<group>"; };
		00C0766E1ECD856A00ECE682 /* Keychain.swift */ = {isa = PBXFileReference; fileEncoding = 4; lastKnownFileType = sourcecode.swift; path = Keychain.swift; sourceTree = "<group>"; };
		00C0766F1ECD856A00ECE682 /* OAuth.swift */ = {isa = PBXFileReference; fileEncoding = 4; lastKnownFileType = sourcecode.swift; path = OAuth.swift; sourceTree = "<group>"; };
		00C076701ECD856A00ECE682 /* OAuthApplication.swift */ = {isa = PBXFileReference; fileEncoding = 4; lastKnownFileType = sourcecode.swift; path = OAuthApplication.swift; sourceTree = "<group>"; };
		00C076711ECD856A00ECE682 /* OAuthExplicit.swift */ = {isa = PBXFileReference; fileEncoding = 4; lastKnownFileType = sourcecode.swift; path = OAuthExplicit.swift; sourceTree = "<group>"; };
		00C076721ECD856A00ECE682 /* OAuthImplicit.swift */ = {isa = PBXFileReference; fileEncoding = 4; lastKnownFileType = sourcecode.swift; path = OAuthImplicit.swift; sourceTree = "<group>"; };
		00C076731ECD856A00ECE682 /* OAuthPassword.swift */ = {isa = PBXFileReference; fileEncoding = 4; lastKnownFileType = sourcecode.swift; path = OAuthPassword.swift; sourceTree = "<group>"; };
		00C076741ECD856A00ECE682 /* Extensions.swift */ = {isa = PBXFileReference; fileEncoding = 4; lastKnownFileType = sourcecode.swift; path = Extensions.swift; sourceTree = "<group>"; };
		00C076761ECD856A00ECE682 /* ApiResponse.swift */ = {isa = PBXFileReference; fileEncoding = 4; lastKnownFileType = sourcecode.swift; path = ApiResponse.swift; sourceTree = "<group>"; };
		00C076771ECD856A00ECE682 /* Category.swift */ = {isa = PBXFileReference; fileEncoding = 4; lastKnownFileType = sourcecode.swift; path = Category.swift; sourceTree = "<group>"; };
		00C076781ECD856A00ECE682 /* Order.swift */ = {isa = PBXFileReference; fileEncoding = 4; lastKnownFileType = sourcecode.swift; path = Order.swift; sourceTree = "<group>"; };
		00C076791ECD856A00ECE682 /* Pet.swift */ = {isa = PBXFileReference; fileEncoding = 4; lastKnownFileType = sourcecode.swift; path = Pet.swift; sourceTree = "<group>"; };
		00C0767A1ECD856A00ECE682 /* Tag.swift */ = {isa = PBXFileReference; fileEncoding = 4; lastKnownFileType = sourcecode.swift; path = Tag.swift; sourceTree = "<group>"; };
		00C0767B1ECD856A00ECE682 /* User.swift */ = {isa = PBXFileReference; fileEncoding = 4; lastKnownFileType = sourcecode.swift; path = User.swift; sourceTree = "<group>"; };
		00C0767C1ECD856A00ECE682 /* Models.swift */ = {isa = PBXFileReference; fileEncoding = 4; lastKnownFileType = sourcecode.swift; path = Models.swift; sourceTree = "<group>"; };
		00C0767E1ECD856A00ECE682 /* AFError.swift */ = {isa = PBXFileReference; fileEncoding = 4; lastKnownFileType = sourcecode.swift; path = AFError.swift; sourceTree = "<group>"; };
		00C0767F1ECD856A00ECE682 /* AXAlamofire.swift */ = {isa = PBXFileReference; fileEncoding = 4; lastKnownFileType = sourcecode.swift; path = AXAlamofire.swift; sourceTree = "<group>"; };
		00C076801ECD856A00ECE682 /* AXMultipartFormData.swift */ = {isa = PBXFileReference; fileEncoding = 4; lastKnownFileType = sourcecode.swift; path = AXMultipartFormData.swift; sourceTree = "<group>"; };
		00C076811ECD856A00ECE682 /* AXNetworkReachabilityManager.swift */ = {isa = PBXFileReference; fileEncoding = 4; lastKnownFileType = sourcecode.swift; path = AXNetworkReachabilityManager.swift; sourceTree = "<group>"; };
		00C076821ECD856A00ECE682 /* AXParameterEncoding.swift */ = {isa = PBXFileReference; fileEncoding = 4; lastKnownFileType = sourcecode.swift; path = AXParameterEncoding.swift; sourceTree = "<group>"; };
		00C076831ECD856A00ECE682 /* AXRequest.swift */ = {isa = PBXFileReference; fileEncoding = 4; lastKnownFileType = sourcecode.swift; path = AXRequest.swift; sourceTree = "<group>"; };
		00C076841ECD856A00ECE682 /* AXResponse.swift */ = {isa = PBXFileReference; fileEncoding = 4; lastKnownFileType = sourcecode.swift; path = AXResponse.swift; sourceTree = "<group>"; };
		00C076851ECD856A00ECE682 /* AXResponseSerialization.swift */ = {isa = PBXFileReference; fileEncoding = 4; lastKnownFileType = sourcecode.swift; path = AXResponseSerialization.swift; sourceTree = "<group>"; };
		00C076861ECD856A00ECE682 /* AXResult.swift */ = {isa = PBXFileReference; fileEncoding = 4; lastKnownFileType = sourcecode.swift; path = AXResult.swift; sourceTree = "<group>"; };
		00C076871ECD856A00ECE682 /* AXServerTrustPolicy.swift */ = {isa = PBXFileReference; fileEncoding = 4; lastKnownFileType = sourcecode.swift; path = AXServerTrustPolicy.swift; sourceTree = "<group>"; };
		00C076881ECD856A00ECE682 /* AXSessionDelegate.swift */ = {isa = PBXFileReference; fileEncoding = 4; lastKnownFileType = sourcecode.swift; path = AXSessionDelegate.swift; sourceTree = "<group>"; };
		00C076891ECD856A00ECE682 /* AXSessionManager.swift */ = {isa = PBXFileReference; fileEncoding = 4; lastKnownFileType = sourcecode.swift; path = AXSessionManager.swift; sourceTree = "<group>"; };
		00C0768A1ECD856A00ECE682 /* AXTaskDelegate.swift */ = {isa = PBXFileReference; fileEncoding = 4; lastKnownFileType = sourcecode.swift; path = AXTaskDelegate.swift; sourceTree = "<group>"; };
		00C0768B1ECD856A00ECE682 /* AXTimeline.swift */ = {isa = PBXFileReference; fileEncoding = 4; lastKnownFileType = sourcecode.swift; path = AXTimeline.swift; sourceTree = "<group>"; };
		00C0768C1ECD856A00ECE682 /* AXValidation.swift */ = {isa = PBXFileReference; fileEncoding = 4; lastKnownFileType = sourcecode.swift; path = AXValidation.swift; sourceTree = "<group>"; };
		00C0768D1ECD856A00ECE682 /* DispatchQueue+Alamofire.swift */ = {isa = PBXFileReference; fileEncoding = 4; lastKnownFileType = sourcecode.swift; path = "DispatchQueue+Alamofire.swift"; sourceTree = "<group>"; };
		00C0768E1ECD856A00ECE682 /* Notifications.swift */ = {isa = PBXFileReference; fileEncoding = 4; lastKnownFileType = sourcecode.swift; path = Notifications.swift; sourceTree = "<group>"; };
		00C076901ECD856A00ECE682 /* AuthBrowserController.swift */ = {isa = PBXFileReference; fileEncoding = 4; lastKnownFileType = sourcecode.swift; path = AuthBrowserController.swift; sourceTree = "<group>"; };
		00C076911ECD856A00ECE682 /* Logger.swift */ = {isa = PBXFileReference; fileEncoding = 4; lastKnownFileType = sourcecode.swift; path = Logger.swift; sourceTree = "<group>"; };
/* End PBXFileReference section */

/* Begin PBXFrameworksBuildPhase section */
		00C076311ECD850500ECE682 /* Frameworks */ = {
			isa = PBXFrameworksBuildPhase;
			buildActionMask = 2147483647;
			files = (
			);
			runOnlyForDeploymentPostprocessing = 0;
		};
		00C076451ECD850500ECE682 /* Frameworks */ = {
			isa = PBXFrameworksBuildPhase;
			buildActionMask = 2147483647;
			files = (
			);
			runOnlyForDeploymentPostprocessing = 0;
		};
		00C076501ECD850500ECE682 /* Frameworks */ = {
			isa = PBXFrameworksBuildPhase;
			buildActionMask = 2147483647;
			files = (
			);
			runOnlyForDeploymentPostprocessing = 0;
		};
/* End PBXFrameworksBuildPhase section */

/* Begin PBXGroup section */
		00C0762B1ECD850500ECE682 = {
			isa = PBXGroup;
			children = (
				00C076361ECD850500ECE682 /* OathSample */,
				00C0764B1ECD850500ECE682 /* OathSampleTests */,
				00C076561ECD850500ECE682 /* OathSampleUITests */,
				00C076351ECD850500ECE682 /* Products */,
			);
			sourceTree = "<group>";
		};
		00C076351ECD850500ECE682 /* Products */ = {
			isa = PBXGroup;
			children = (
				00C076341ECD850500ECE682 /* OathSample.app */,
				00C076481ECD850500ECE682 /* OathSampleTests.xctest */,
				00C076531ECD850500ECE682 /* OathSampleUITests.xctest */,
			);
			name = Products;
			sourceTree = "<group>";
		};
		00C076361ECD850500ECE682 /* OathSample */ = {
			isa = PBXGroup;
			children = (
				00C076371ECD850500ECE682 /* AppDelegate.swift */,
				00C076391ECD850500ECE682 /* ViewController.swift */,
				00C0763B1ECD850500ECE682 /* Main.storyboard */,
				00C0763E1ECD850500ECE682 /* Assets.xcassets */,
				00C076401ECD850500ECE682 /* LaunchScreen.storyboard */,
				00C076651ECD856A00ECE682 /* AlamofireImplementations.swift */,
				00C076661ECD856A00ECE682 /* APIHelper.swift */,
				00C076671ECD856A00ECE682 /* APIs */,
				00C076691ECD856A00ECE682 /* APIs.swift */,
				00C0766A1ECD856A00ECE682 /* Auth */,
				00C076741ECD856A00ECE682 /* Extensions.swift */,
				00C076751ECD856A00ECE682 /* Model */,
				00C0767C1ECD856A00ECE682 /* Models.swift */,
				00C0767D1ECD856A00ECE682 /* Networking */,
				00C0768F1ECD856A00ECE682 /* Utils */,
				00C076431ECD850500ECE682 /* Info.plist */,
			);
			path = OathSample;
			sourceTree = "<group>";
		};
		00C0764B1ECD850500ECE682 /* OathSampleTests */ = {
			isa = PBXGroup;
			children = (
				00C0764C1ECD850500ECE682 /* OathSampleTests.swift */,
				00C0764E1ECD850500ECE682 /* Info.plist */,
			);
			path = OathSampleTests;
			sourceTree = "<group>";
		};
		00C076561ECD850500ECE682 /* OathSampleUITests */ = {
			isa = PBXGroup;
			children = (
				00C076571ECD850500ECE682 /* OathSampleUITests.swift */,
				00C076591ECD850500ECE682 /* Info.plist */,
			);
			path = OathSampleUITests;
			sourceTree = "<group>";
		};
		00C076671ECD856A00ECE682 /* APIs */ = {
			isa = PBXGroup;
			children = (
				00C076681ECD856A00ECE682 /* DefaultAPI.swift */,
			);
			path = APIs;
			sourceTree = "<group>";
		};
		00C0766A1ECD856A00ECE682 /* Auth */ = {
			isa = PBXGroup;
			children = (
				00C0766B1ECD856A00ECE682 /* ApiKeyAuth.swift */,
				00C0766C1ECD856A00ECE682 /* Authentication.swift */,
				00C0766D1ECD856A00ECE682 /* HTTPBasicAuth.swift */,
				00C0766E1ECD856A00ECE682 /* Keychain.swift */,
				00C0766F1ECD856A00ECE682 /* OAuth.swift */,
				00C076701ECD856A00ECE682 /* OAuthApplication.swift */,
				00C076711ECD856A00ECE682 /* OAuthExplicit.swift */,
				00C076721ECD856A00ECE682 /* OAuthImplicit.swift */,
				00C076731ECD856A00ECE682 /* OAuthPassword.swift */,
			);
			path = Auth;
			sourceTree = "<group>";
		};
		00C076751ECD856A00ECE682 /* Model */ = {
			isa = PBXGroup;
			children = (
				00C076761ECD856A00ECE682 /* ApiResponse.swift */,
				00C076771ECD856A00ECE682 /* Category.swift */,
				00C076781ECD856A00ECE682 /* Order.swift */,
				00C076791ECD856A00ECE682 /* Pet.swift */,
				00C0767A1ECD856A00ECE682 /* Tag.swift */,
				00C0767B1ECD856A00ECE682 /* User.swift */,
			);
			path = Model;
			sourceTree = "<group>";
		};
		00C0767D1ECD856A00ECE682 /* Networking */ = {
			isa = PBXGroup;
			children = (
				00C0767E1ECD856A00ECE682 /* AFError.swift */,
				00C0767F1ECD856A00ECE682 /* AXAlamofire.swift */,
				00C076801ECD856A00ECE682 /* AXMultipartFormData.swift */,
				00C076811ECD856A00ECE682 /* AXNetworkReachabilityManager.swift */,
				00C076821ECD856A00ECE682 /* AXParameterEncoding.swift */,
				00C076831ECD856A00ECE682 /* AXRequest.swift */,
				00C076841ECD856A00ECE682 /* AXResponse.swift */,
				00C076851ECD856A00ECE682 /* AXResponseSerialization.swift */,
				00C076861ECD856A00ECE682 /* AXResult.swift */,
				00C076871ECD856A00ECE682 /* AXServerTrustPolicy.swift */,
				00C076881ECD856A00ECE682 /* AXSessionDelegate.swift */,
				00C076891ECD856A00ECE682 /* AXSessionManager.swift */,
				00C0768A1ECD856A00ECE682 /* AXTaskDelegate.swift */,
				00C0768B1ECD856A00ECE682 /* AXTimeline.swift */,
				00C0768C1ECD856A00ECE682 /* AXValidation.swift */,
				00C0768D1ECD856A00ECE682 /* DispatchQueue+Alamofire.swift */,
				00C0768E1ECD856A00ECE682 /* Notifications.swift */,
			);
			path = Networking;
			sourceTree = "<group>";
		};
		00C0768F1ECD856A00ECE682 /* Utils */ = {
			isa = PBXGroup;
			children = (
				00C076901ECD856A00ECE682 /* AuthBrowserController.swift */,
				00C076911ECD856A00ECE682 /* Logger.swift */,
			);
			path = Utils;
			sourceTree = "<group>";
		};
/* End PBXGroup section */

/* Begin PBXNativeTarget section */
		00C076331ECD850500ECE682 /* OathSample */ = {
			isa = PBXNativeTarget;
			buildConfigurationList = 00C0765C1ECD850500ECE682 /* Build configuration list for PBXNativeTarget "OathSample" */;
			buildPhases = (
				00C076301ECD850500ECE682 /* Sources */,
				00C076311ECD850500ECE682 /* Frameworks */,
				00C076321ECD850500ECE682 /* Resources */,
			);
			buildRules = (
			);
			dependencies = (
			);
			name = OathSample;
			productName = OathSample;
			productReference = 00C076341ECD850500ECE682 /* OathSample.app */;
			productType = "com.apple.product-type.application";
		};
		00C076471ECD850500ECE682 /* OathSampleTests */ = {
			isa = PBXNativeTarget;
			buildConfigurationList = 00C0765F1ECD850500ECE682 /* Build configuration list for PBXNativeTarget "OathSampleTests" */;
			buildPhases = (
				00C076441ECD850500ECE682 /* Sources */,
				00C076451ECD850500ECE682 /* Frameworks */,
				00C076461ECD850500ECE682 /* Resources */,
			);
			buildRules = (
			);
			dependencies = (
				00C0764A1ECD850500ECE682 /* PBXTargetDependency */,
			);
			name = OathSampleTests;
			productName = OathSampleTests;
			productReference = 00C076481ECD850500ECE682 /* OathSampleTests.xctest */;
			productType = "com.apple.product-type.bundle.unit-test";
		};
		00C076521ECD850500ECE682 /* OathSampleUITests */ = {
			isa = PBXNativeTarget;
			buildConfigurationList = 00C076621ECD850500ECE682 /* Build configuration list for PBXNativeTarget "OathSampleUITests" */;
			buildPhases = (
				00C0764F1ECD850500ECE682 /* Sources */,
				00C076501ECD850500ECE682 /* Frameworks */,
				00C076511ECD850500ECE682 /* Resources */,
			);
			buildRules = (
			);
			dependencies = (
				00C076551ECD850500ECE682 /* PBXTargetDependency */,
			);
			name = OathSampleUITests;
			productName = OathSampleUITests;
			productReference = 00C076531ECD850500ECE682 /* OathSampleUITests.xctest */;
			productType = "com.apple.product-type.bundle.ui-testing";
		};
/* End PBXNativeTarget section */

/* Begin PBXProject section */
		00C0762C1ECD850500ECE682 /* Project object */ = {
			isa = PBXProject;
			attributes = {
				LastSwiftUpdateCheck = 0830;
				LastUpgradeCheck = 0830;
				ORGANIZATIONNAME = "vamshi Krishna Sajjana";
				TargetAttributes = {
					00C076331ECD850500ECE682 = {
						CreatedOnToolsVersion = 8.3.2;
						ProvisioningStyle = Automatic;
					};
					00C076471ECD850500ECE682 = {
						CreatedOnToolsVersion = 8.3.2;
						ProvisioningStyle = Automatic;
						TestTargetID = 00C076331ECD850500ECE682;
					};
					00C076521ECD850500ECE682 = {
						CreatedOnToolsVersion = 8.3.2;
						ProvisioningStyle = Automatic;
						TestTargetID = 00C076331ECD850500ECE682;
					};
				};
			};
			buildConfigurationList = 00C0762F1ECD850500ECE682 /* Build configuration list for PBXProject "OathSample" */;
			compatibilityVersion = "Xcode 3.2";
			developmentRegion = English;
			hasScannedForEncodings = 0;
			knownRegions = (
				en,
				Base,
			);
			mainGroup = 00C0762B1ECD850500ECE682;
			productRefGroup = 00C076351ECD850500ECE682 /* Products */;
			projectDirPath = "";
			projectRoot = "";
			targets = (
				00C076331ECD850500ECE682 /* OathSample */,
				00C076471ECD850500ECE682 /* OathSampleTests */,
				00C076521ECD850500ECE682 /* OathSampleUITests */,
			);
		};
/* End PBXProject section */

/* Begin PBXResourcesBuildPhase section */
		00C076321ECD850500ECE682 /* Resources */ = {
			isa = PBXResourcesBuildPhase;
			buildActionMask = 2147483647;
			files = (
				00C076421ECD850500ECE682 /* LaunchScreen.storyboard in Resources */,
				00C0763F1ECD850500ECE682 /* Assets.xcassets in Resources */,
				00C0763D1ECD850500ECE682 /* Main.storyboard in Resources */,
			);
			runOnlyForDeploymentPostprocessing = 0;
		};
		00C076461ECD850500ECE682 /* Resources */ = {
			isa = PBXResourcesBuildPhase;
			buildActionMask = 2147483647;
			files = (
			);
			runOnlyForDeploymentPostprocessing = 0;
		};
		00C076511ECD850500ECE682 /* Resources */ = {
			isa = PBXResourcesBuildPhase;
			buildActionMask = 2147483647;
			files = (
			);
			runOnlyForDeploymentPostprocessing = 0;
		};
/* End PBXResourcesBuildPhase section */

/* Begin PBXSourcesBuildPhase section */
		00C076301ECD850500ECE682 /* Sources */ = {
			isa = PBXSourcesBuildPhase;
			buildActionMask = 2147483647;
			files = (
				00C076B71ECD856A00ECE682 /* Notifications.swift in Sources */,
				00C076B81ECD856A00ECE682 /* AuthBrowserController.swift in Sources */,
				00C0769E1ECD856A00ECE682 /* OAuthPassword.swift in Sources */,
				00C076AF1ECD856A00ECE682 /* AXResult.swift in Sources */,
				00C076AB1ECD856A00ECE682 /* AXParameterEncoding.swift in Sources */,
				00C076AA1ECD856A00ECE682 /* AXNetworkReachabilityManager.swift in Sources */,
				00C076AE1ECD856A00ECE682 /* AXResponseSerialization.swift in Sources */,
				00C076961ECD856A00ECE682 /* ApiKeyAuth.swift in Sources */,
				00C076B61ECD856A00ECE682 /* DispatchQueue+Alamofire.swift in Sources */,
				00C076B21ECD856A00ECE682 /* AXSessionManager.swift in Sources */,
				00C076931ECD856A00ECE682 /* APIHelper.swift in Sources */,
				00C076A41ECD856A00ECE682 /* Tag.swift in Sources */,
				00C076A21ECD856A00ECE682 /* Order.swift in Sources */,
				00C076921ECD856A00ECE682 /* AlamofireImplementations.swift in Sources */,
				00C076B11ECD856A00ECE682 /* AXSessionDelegate.swift in Sources */,
				00C076B01ECD856A00ECE682 /* AXServerTrustPolicy.swift in Sources */,
				00C076A31ECD856A00ECE682 /* Pet.swift in Sources */,
				00C076B31ECD856A00ECE682 /* AXTaskDelegate.swift in Sources */,
				00C076941ECD856A00ECE682 /* DefaultAPI.swift in Sources */,
				00C076A11ECD856A00ECE682 /* Category.swift in Sources */,
				00C076981ECD856A00ECE682 /* HTTPBasicAuth.swift in Sources */,
				00C076B41ECD856A00ECE682 /* AXTimeline.swift in Sources */,
				00C076A51ECD856A00ECE682 /* User.swift in Sources */,
				00C076A61ECD856A00ECE682 /* Models.swift in Sources */,
				00C0763A1ECD850500ECE682 /* ViewController.swift in Sources */,
				00C076B91ECD856A00ECE682 /* Logger.swift in Sources */,
				00C0769D1ECD856A00ECE682 /* OAuthImplicit.swift in Sources */,
				00C0769A1ECD856A00ECE682 /* OAuth.swift in Sources */,
				00C076AD1ECD856A00ECE682 /* AXResponse.swift in Sources */,
				00C076951ECD856A00ECE682 /* APIs.swift in Sources */,
				00C076A01ECD856A00ECE682 /* ApiResponse.swift in Sources */,
				00C076A71ECD856A00ECE682 /* AFError.swift in Sources */,
				00C076B51ECD856A00ECE682 /* AXValidation.swift in Sources */,
				00C076381ECD850500ECE682 /* AppDelegate.swift in Sources */,
				00C0769F1ECD856A00ECE682 /* Extensions.swift in Sources */,
				00C076A91ECD856A00ECE682 /* AXMultipartFormData.swift in Sources */,
				00C076971ECD856A00ECE682 /* Authentication.swift in Sources */,
				00C0769C1ECD856A00ECE682 /* OAuthExplicit.swift in Sources */,
				00C0769B1ECD856A00ECE682 /* OAuthApplication.swift in Sources */,
				00C076991ECD856A00ECE682 /* Keychain.swift in Sources */,
				00C076AC1ECD856A00ECE682 /* AXRequest.swift in Sources */,
			);
			runOnlyForDeploymentPostprocessing = 0;
		};
		00C076441ECD850500ECE682 /* Sources */ = {
			isa = PBXSourcesBuildPhase;
			buildActionMask = 2147483647;
			files = (
				00C0764D1ECD850500ECE682 /* OathSampleTests.swift in Sources */,
			);
			runOnlyForDeploymentPostprocessing = 0;
		};
		00C0764F1ECD850500ECE682 /* Sources */ = {
			isa = PBXSourcesBuildPhase;
			buildActionMask = 2147483647;
			files = (
				00C076581ECD850500ECE682 /* OathSampleUITests.swift in Sources */,
			);
			runOnlyForDeploymentPostprocessing = 0;
		};
/* End PBXSourcesBuildPhase section */

/* Begin PBXTargetDependency section */
		00C0764A1ECD850500ECE682 /* PBXTargetDependency */ = {
			isa = PBXTargetDependency;
			target = 00C076331ECD850500ECE682 /* OathSample */;
			targetProxy = 00C076491ECD850500ECE682 /* PBXContainerItemProxy */;
		};
		00C076551ECD850500ECE682 /* PBXTargetDependency */ = {
			isa = PBXTargetDependency;
			target = 00C076331ECD850500ECE682 /* OathSample */;
			targetProxy = 00C076541ECD850500ECE682 /* PBXContainerItemProxy */;
		};
/* End PBXTargetDependency section */

/* Begin PBXVariantGroup section */
		00C0763B1ECD850500ECE682 /* Main.storyboard */ = {
			isa = PBXVariantGroup;
			children = (
				00C0763C1ECD850500ECE682 /* Base */,
			);
			name = Main.storyboard;
			sourceTree = "<group>";
		};
		00C076401ECD850500ECE682 /* LaunchScreen.storyboard */ = {
			isa = PBXVariantGroup;
			children = (
				00C076411ECD850500ECE682 /* Base */,
			);
			name = LaunchScreen.storyboard;
			sourceTree = "<group>";
		};
/* End PBXVariantGroup section */

/* Begin XCBuildConfiguration section */
		00C0765A1ECD850500ECE682 /* Debug */ = {
			isa = XCBuildConfiguration;
			buildSettings = {
				ALWAYS_SEARCH_USER_PATHS = NO;
				CLANG_ANALYZER_NONNULL = YES;
				CLANG_ANALYZER_NUMBER_OBJECT_CONVERSION = YES_AGGRESSIVE;
				CLANG_CXX_LANGUAGE_STANDARD = "gnu++0x";
				CLANG_CXX_LIBRARY = "libc++";
				CLANG_ENABLE_MODULES = YES;
				CLANG_ENABLE_OBJC_ARC = YES;
				CLANG_WARN_BOOL_CONVERSION = YES;
				CLANG_WARN_CONSTANT_CONVERSION = YES;
				CLANG_WARN_DIRECT_OBJC_ISA_USAGE = YES_ERROR;
				CLANG_WARN_DOCUMENTATION_COMMENTS = YES;
				CLANG_WARN_EMPTY_BODY = YES;
				CLANG_WARN_ENUM_CONVERSION = YES;
				CLANG_WARN_INFINITE_RECURSION = YES;
				CLANG_WARN_INT_CONVERSION = YES;
				CLANG_WARN_OBJC_ROOT_CLASS = YES_ERROR;
				CLANG_WARN_SUSPICIOUS_MOVE = YES;
				CLANG_WARN_UNREACHABLE_CODE = YES;
				CLANG_WARN__DUPLICATE_METHOD_MATCH = YES;
				"CODE_SIGN_IDENTITY[sdk=iphoneos*]" = "iPhone Developer";
				COPY_PHASE_STRIP = NO;
				DEBUG_INFORMATION_FORMAT = dwarf;
				ENABLE_STRICT_OBJC_MSGSEND = YES;
				ENABLE_TESTABILITY = YES;
				GCC_C_LANGUAGE_STANDARD = gnu99;
				GCC_DYNAMIC_NO_PIC = NO;
				GCC_NO_COMMON_BLOCKS = YES;
				GCC_OPTIMIZATION_LEVEL = 0;
				GCC_PREPROCESSOR_DEFINITIONS = (
					"DEBUG=1",
					"$(inherited)",
				);
				GCC_WARN_64_TO_32_BIT_CONVERSION = YES;
				GCC_WARN_ABOUT_RETURN_TYPE = YES_ERROR;
				GCC_WARN_UNDECLARED_SELECTOR = YES;
				GCC_WARN_UNINITIALIZED_AUTOS = YES_AGGRESSIVE;
				GCC_WARN_UNUSED_FUNCTION = YES;
				GCC_WARN_UNUSED_VARIABLE = YES;
				IPHONEOS_DEPLOYMENT_TARGET = 10.3;
				MTL_ENABLE_DEBUG_INFO = YES;
				ONLY_ACTIVE_ARCH = YES;
				SDKROOT = iphoneos;
				SWIFT_ACTIVE_COMPILATION_CONDITIONS = DEBUG;
				SWIFT_OPTIMIZATION_LEVEL = "-Onone";
				TARGETED_DEVICE_FAMILY = "1,2";
			};
			name = Debug;
		};
		00C0765B1ECD850500ECE682 /* Release */ = {
			isa = XCBuildConfiguration;
			buildSettings = {
				ALWAYS_SEARCH_USER_PATHS = NO;
				CLANG_ANALYZER_NONNULL = YES;
				CLANG_ANALYZER_NUMBER_OBJECT_CONVERSION = YES_AGGRESSIVE;
				CLANG_CXX_LANGUAGE_STANDARD = "gnu++0x";
				CLANG_CXX_LIBRARY = "libc++";
				CLANG_ENABLE_MODULES = YES;
				CLANG_ENABLE_OBJC_ARC = YES;
				CLANG_WARN_BOOL_CONVERSION = YES;
				CLANG_WARN_CONSTANT_CONVERSION = YES;
				CLANG_WARN_DIRECT_OBJC_ISA_USAGE = YES_ERROR;
				CLANG_WARN_DOCUMENTATION_COMMENTS = YES;
				CLANG_WARN_EMPTY_BODY = YES;
				CLANG_WARN_ENUM_CONVERSION = YES;
				CLANG_WARN_INFINITE_RECURSION = YES;
				CLANG_WARN_INT_CONVERSION = YES;
				CLANG_WARN_OBJC_ROOT_CLASS = YES_ERROR;
				CLANG_WARN_SUSPICIOUS_MOVE = YES;
				CLANG_WARN_UNREACHABLE_CODE = YES;
				CLANG_WARN__DUPLICATE_METHOD_MATCH = YES;
				"CODE_SIGN_IDENTITY[sdk=iphoneos*]" = "iPhone Developer";
				COPY_PHASE_STRIP = NO;
				DEBUG_INFORMATION_FORMAT = "dwarf-with-dsym";
				ENABLE_NS_ASSERTIONS = NO;
				ENABLE_STRICT_OBJC_MSGSEND = YES;
				GCC_C_LANGUAGE_STANDARD = gnu99;
				GCC_NO_COMMON_BLOCKS = YES;
				GCC_WARN_64_TO_32_BIT_CONVERSION = YES;
				GCC_WARN_ABOUT_RETURN_TYPE = YES_ERROR;
				GCC_WARN_UNDECLARED_SELECTOR = YES;
				GCC_WARN_UNINITIALIZED_AUTOS = YES_AGGRESSIVE;
				GCC_WARN_UNUSED_FUNCTION = YES;
				GCC_WARN_UNUSED_VARIABLE = YES;
				IPHONEOS_DEPLOYMENT_TARGET = 10.3;
				MTL_ENABLE_DEBUG_INFO = NO;
				SDKROOT = iphoneos;
				SWIFT_OPTIMIZATION_LEVEL = "-Owholemodule";
				TARGETED_DEVICE_FAMILY = "1,2";
				VALIDATE_PRODUCT = YES;
			};
			name = Release;
		};
		00C0765D1ECD850500ECE682 /* Debug */ = {
			isa = XCBuildConfiguration;
			buildSettings = {
				ASSETCATALOG_COMPILER_APPICON_NAME = AppIcon;
				INFOPLIST_FILE = OathSample/Info.plist;
				LD_RUNPATH_SEARCH_PATHS = "$(inherited) @executable_path/Frameworks";
				PRODUCT_BUNDLE_IDENTIFIER = test.innominds.com.OathSample;
				PRODUCT_NAME = "$(TARGET_NAME)";
				SWIFT_VERSION = 3.0;
			};
			name = Debug;
		};
		00C0765E1ECD850500ECE682 /* Release */ = {
			isa = XCBuildConfiguration;
			buildSettings = {
				ASSETCATALOG_COMPILER_APPICON_NAME = AppIcon;
				INFOPLIST_FILE = OathSample/Info.plist;
				LD_RUNPATH_SEARCH_PATHS = "$(inherited) @executable_path/Frameworks";
				PRODUCT_BUNDLE_IDENTIFIER = test.innominds.com.OathSample;
				PRODUCT_NAME = "$(TARGET_NAME)";
				SWIFT_VERSION = 3.0;
			};
			name = Release;
		};
		00C076601ECD850500ECE682 /* Debug */ = {
			isa = XCBuildConfiguration;
			buildSettings = {
				ALWAYS_EMBED_SWIFT_STANDARD_LIBRARIES = YES;
				BUNDLE_LOADER = "$(TEST_HOST)";
				INFOPLIST_FILE = OathSampleTests/Info.plist;
				LD_RUNPATH_SEARCH_PATHS = "$(inherited) @executable_path/Frameworks @loader_path/Frameworks";
				PRODUCT_BUNDLE_IDENTIFIER = test.innominds.com.OathSampleTests;
				PRODUCT_NAME = "$(TARGET_NAME)";
				SWIFT_VERSION = 3.0;
				TEST_HOST = "$(BUILT_PRODUCTS_DIR)/OathSample.app/OathSample";
			};
			name = Debug;
		};
		00C076611ECD850500ECE682 /* Release */ = {
			isa = XCBuildConfiguration;
			buildSettings = {
				ALWAYS_EMBED_SWIFT_STANDARD_LIBRARIES = YES;
				BUNDLE_LOADER = "$(TEST_HOST)";
				INFOPLIST_FILE = OathSampleTests/Info.plist;
				LD_RUNPATH_SEARCH_PATHS = "$(inherited) @executable_path/Frameworks @loader_path/Frameworks";
				PRODUCT_BUNDLE_IDENTIFIER = test.innominds.com.OathSampleTests;
				PRODUCT_NAME = "$(TARGET_NAME)";
				SWIFT_VERSION = 3.0;
				TEST_HOST = "$(BUILT_PRODUCTS_DIR)/OathSample.app/OathSample";
			};
			name = Release;
		};
		00C076631ECD850500ECE682 /* Debug */ = {
			isa = XCBuildConfiguration;
			buildSettings = {
				ALWAYS_EMBED_SWIFT_STANDARD_LIBRARIES = YES;
				INFOPLIST_FILE = OathSampleUITests/Info.plist;
				LD_RUNPATH_SEARCH_PATHS = "$(inherited) @executable_path/Frameworks @loader_path/Frameworks";
				PRODUCT_BUNDLE_IDENTIFIER = test.innominds.com.OathSampleUITests;
				PRODUCT_NAME = "$(TARGET_NAME)";
				SWIFT_VERSION = 3.0;
				TEST_TARGET_NAME = OathSample;
			};
			name = Debug;
		};
		00C076641ECD850500ECE682 /* Release */ = {
			isa = XCBuildConfiguration;
			buildSettings = {
				ALWAYS_EMBED_SWIFT_STANDARD_LIBRARIES = YES;
				INFOPLIST_FILE = OathSampleUITests/Info.plist;
				LD_RUNPATH_SEARCH_PATHS = "$(inherited) @executable_path/Frameworks @loader_path/Frameworks";
				PRODUCT_BUNDLE_IDENTIFIER = test.innominds.com.OathSampleUITests;
				PRODUCT_NAME = "$(TARGET_NAME)";
				SWIFT_VERSION = 3.0;
				TEST_TARGET_NAME = OathSample;
			};
			name = Release;
		};
/* End XCBuildConfiguration section */

/* Begin XCConfigurationList section */
		00C0762F1ECD850500ECE682 /* Build configuration list for PBXProject "OathSample" */ = {
			isa = XCConfigurationList;
			buildConfigurations = (
				00C0765A1ECD850500ECE682 /* Debug */,
				00C0765B1ECD850500ECE682 /* Release */,
			);
			defaultConfigurationIsVisible = 0;
			defaultConfigurationName = Release;
		};
		00C0765C1ECD850500ECE682 /* Build configuration list for PBXNativeTarget "OathSample" */ = {
			isa = XCConfigurationList;
			buildConfigurations = (
				00C0765D1ECD850500ECE682 /* Debug */,
				00C0765E1ECD850500ECE682 /* Release */,
			);
			defaultConfigurationIsVisible = 0;
			defaultConfigurationName = Release;
		};
		00C0765F1ECD850500ECE682 /* Build configuration list for PBXNativeTarget "OathSampleTests" */ = {
			isa = XCConfigurationList;
			buildConfigurations = (
				00C076601ECD850500ECE682 /* Debug */,
				00C076611ECD850500ECE682 /* Release */,
			);
			defaultConfigurationIsVisible = 0;
			defaultConfigurationName = Release;
		};
		00C076621ECD850500ECE682 /* Build configuration list for PBXNativeTarget "OathSampleUITests" */ = {
			isa = XCConfigurationList;
			buildConfigurations = (
				00C076631ECD850500ECE682 /* Debug */,
				00C076641ECD850500ECE682 /* Release */,
			);
			defaultConfigurationIsVisible = 0;
			defaultConfigurationName = Release;
		};
/* End XCConfigurationList section */
	};
	rootObject = 00C0762C1ECD850500ECE682 /* Project object */;
}
