// !$*UTF8*$!
{
	archiveVersion = 1;
	classes = {
	};
	objectVersion = 46;
	objects = {

/* Begin PBXBuildFile section */
		004527701ED55EB500EDBC34 /* AppDelegate.swift in Sources */ = {isa = PBXBuildFile; fileRef = 0045276F1ED55EB500EDBC34 /* AppDelegate.swift */; };
		004527721ED55EB500EDBC34 /* ViewController.swift in Sources */ = {isa = PBXBuildFile; fileRef = 004527711ED55EB500EDBC34 /* ViewController.swift */; };
		004527751ED55EB500EDBC34 /* Main.storyboard in Resources */ = {isa = PBXBuildFile; fileRef = 004527731ED55EB500EDBC34 /* Main.storyboard */; };
		004527771ED55EB500EDBC34 /* Assets.xcassets in Resources */ = {isa = PBXBuildFile; fileRef = 004527761ED55EB500EDBC34 /* Assets.xcassets */; };
		0045277A1ED55EB500EDBC34 /* LaunchScreen.storyboard in Resources */ = {isa = PBXBuildFile; fileRef = 004527781ED55EB500EDBC34 /* LaunchScreen.storyboard */; };
		004527851ED55EB500EDBC34 /* OauthTestTests.swift in Sources */ = {isa = PBXBuildFile; fileRef = 004527841ED55EB500EDBC34 /* OauthTestTests.swift */; };
		004527901ED55EB500EDBC34 /* OauthTestUITests.swift in Sources */ = {isa = PBXBuildFile; fileRef = 0045278F1ED55EB500EDBC34 /* OauthTestUITests.swift */; };
		004527CE1ED55EEF00EDBC34 /* ApiKeyAuth.swift in Sources */ = {isa = PBXBuildFile; fileRef = 004527A31ED55EEE00EDBC34 /* ApiKeyAuth.swift */; };
		004527CF1ED55EEF00EDBC34 /* Authentication.swift in Sources */ = {isa = PBXBuildFile; fileRef = 004527A41ED55EEE00EDBC34 /* Authentication.swift */; };
		004527D01ED55EEF00EDBC34 /* HTTPBasicAuth.swift in Sources */ = {isa = PBXBuildFile; fileRef = 004527A51ED55EEE00EDBC34 /* HTTPBasicAuth.swift */; };
		004527D11ED55EEF00EDBC34 /* Keychain.swift in Sources */ = {isa = PBXBuildFile; fileRef = 004527A61ED55EEE00EDBC34 /* Keychain.swift */; };
		004527D21ED55EEF00EDBC34 /* OAuth.swift in Sources */ = {isa = PBXBuildFile; fileRef = 004527A71ED55EEE00EDBC34 /* OAuth.swift */; };
		004527D31ED55EEF00EDBC34 /* OAuthApplication.swift in Sources */ = {isa = PBXBuildFile; fileRef = 004527A81ED55EEE00EDBC34 /* OAuthApplication.swift */; };
		004527D41ED55EEF00EDBC34 /* OAuthExplicit.swift in Sources */ = {isa = PBXBuildFile; fileRef = 004527A91ED55EEE00EDBC34 /* OAuthExplicit.swift */; };
		004527D51ED55EEF00EDBC34 /* OAuthImplicit.swift in Sources */ = {isa = PBXBuildFile; fileRef = 004527AA1ED55EEE00EDBC34 /* OAuthImplicit.swift */; };
		004527D61ED55EEF00EDBC34 /* OAuthPassword.swift in Sources */ = {isa = PBXBuildFile; fileRef = 004527AB1ED55EEE00EDBC34 /* OAuthPassword.swift */; };
		004527F01ED55EEF00EDBC34 /* AuthBrowserController.swift in Sources */ = {isa = PBXBuildFile; fileRef = 004527C81ED55EEE00EDBC34 /* AuthBrowserController.swift */; };
		004527F11ED55EEF00EDBC34 /* Logger.swift in Sources */ = {isa = PBXBuildFile; fileRef = 004527C91ED55EEF00EDBC34 /* Logger.swift */; };
		00E8F9961ED7FE2400E94C80 /* NetworkAdapter.swift in Sources */ = {isa = PBXBuildFile; fileRef = 00E8F9951ED7FE2400E94C80 /* NetworkAdapter.swift */; };
/* End PBXBuildFile section */

/* Begin PBXContainerItemProxy section */
		004527811ED55EB500EDBC34 /* PBXContainerItemProxy */ = {
			isa = PBXContainerItemProxy;
			containerPortal = 004527641ED55EB500EDBC34 /* Project object */;
			proxyType = 1;
			remoteGlobalIDString = 0045276B1ED55EB500EDBC34;
			remoteInfo = OauthTest;
		};
		0045278C1ED55EB500EDBC34 /* PBXContainerItemProxy */ = {
			isa = PBXContainerItemProxy;
			containerPortal = 004527641ED55EB500EDBC34 /* Project object */;
			proxyType = 1;
			remoteGlobalIDString = 0045276B1ED55EB500EDBC34;
			remoteInfo = OauthTest;
		};
/* End PBXContainerItemProxy section */

/* Begin PBXFileReference section */
		0045276C1ED55EB500EDBC34 /* OauthTest.app */ = {isa = PBXFileReference; explicitFileType = wrapper.application; includeInIndex = 0; path = OauthTest.app; sourceTree = BUILT_PRODUCTS_DIR; };
		0045276F1ED55EB500EDBC34 /* AppDelegate.swift */ = {isa = PBXFileReference; lastKnownFileType = sourcecode.swift; path = AppDelegate.swift; sourceTree = "<group>"; };
		004527711ED55EB500EDBC34 /* ViewController.swift */ = {isa = PBXFileReference; lastKnownFileType = sourcecode.swift; path = ViewController.swift; sourceTree = "<group>"; };
		004527741ED55EB500EDBC34 /* Base */ = {isa = PBXFileReference; lastKnownFileType = file.storyboard; name = Base; path = Base.lproj/Main.storyboard; sourceTree = "<group>"; };
		004527761ED55EB500EDBC34 /* Assets.xcassets */ = {isa = PBXFileReference; lastKnownFileType = folder.assetcatalog; path = Assets.xcassets; sourceTree = "<group>"; };
		004527791ED55EB500EDBC34 /* Base */ = {isa = PBXFileReference; lastKnownFileType = file.storyboard; name = Base; path = Base.lproj/LaunchScreen.storyboard; sourceTree = "<group>"; };
		0045277B1ED55EB500EDBC34 /* Info.plist */ = {isa = PBXFileReference; lastKnownFileType = text.plist.xml; path = Info.plist; sourceTree = "<group>"; };
		004527801ED55EB500EDBC34 /* OauthTestTests.xctest */ = {isa = PBXFileReference; explicitFileType = wrapper.cfbundle; includeInIndex = 0; path = OauthTestTests.xctest; sourceTree = BUILT_PRODUCTS_DIR; };
		004527841ED55EB500EDBC34 /* OauthTestTests.swift */ = {isa = PBXFileReference; lastKnownFileType = sourcecode.swift; path = OauthTestTests.swift; sourceTree = "<group>"; };
		004527861ED55EB500EDBC34 /* Info.plist */ = {isa = PBXFileReference; lastKnownFileType = text.plist.xml; path = Info.plist; sourceTree = "<group>"; };
		0045278B1ED55EB500EDBC34 /* OauthTestUITests.xctest */ = {isa = PBXFileReference; explicitFileType = wrapper.cfbundle; includeInIndex = 0; path = OauthTestUITests.xctest; sourceTree = BUILT_PRODUCTS_DIR; };
		0045278F1ED55EB500EDBC34 /* OauthTestUITests.swift */ = {isa = PBXFileReference; lastKnownFileType = sourcecode.swift; path = OauthTestUITests.swift; sourceTree = "<group>"; };
		004527911ED55EB500EDBC34 /* Info.plist */ = {isa = PBXFileReference; lastKnownFileType = text.plist.xml; path = Info.plist; sourceTree = "<group>"; };
		004527A31ED55EEE00EDBC34 /* ApiKeyAuth.swift */ = {isa = PBXFileReference; fileEncoding = 4; lastKnownFileType = sourcecode.swift; path = ApiKeyAuth.swift; sourceTree = "<group>"; };
		004527A41ED55EEE00EDBC34 /* Authentication.swift */ = {isa = PBXFileReference; fileEncoding = 4; lastKnownFileType = sourcecode.swift; path = Authentication.swift; sourceTree = "<group>"; };
		004527A51ED55EEE00EDBC34 /* HTTPBasicAuth.swift */ = {isa = PBXFileReference; fileEncoding = 4; lastKnownFileType = sourcecode.swift; path = HTTPBasicAuth.swift; sourceTree = "<group>"; };
		004527A61ED55EEE00EDBC34 /* Keychain.swift */ = {isa = PBXFileReference; fileEncoding = 4; lastKnownFileType = sourcecode.swift; path = Keychain.swift; sourceTree = "<group>"; };
		004527A71ED55EEE00EDBC34 /* OAuth.swift */ = {isa = PBXFileReference; fileEncoding = 4; lastKnownFileType = sourcecode.swift; path = OAuth.swift; sourceTree = "<group>"; };
		004527A81ED55EEE00EDBC34 /* OAuthApplication.swift */ = {isa = PBXFileReference; fileEncoding = 4; lastKnownFileType = sourcecode.swift; path = OAuthApplication.swift; sourceTree = "<group>"; };
		004527A91ED55EEE00EDBC34 /* OAuthExplicit.swift */ = {isa = PBXFileReference; fileEncoding = 4; lastKnownFileType = sourcecode.swift; path = OAuthExplicit.swift; sourceTree = "<group>"; };
		004527AA1ED55EEE00EDBC34 /* OAuthImplicit.swift */ = {isa = PBXFileReference; fileEncoding = 4; lastKnownFileType = sourcecode.swift; path = OAuthImplicit.swift; sourceTree = "<group>"; };
		004527AB1ED55EEE00EDBC34 /* OAuthPassword.swift */ = {isa = PBXFileReference; fileEncoding = 4; lastKnownFileType = sourcecode.swift; path = OAuthPassword.swift; sourceTree = "<group>"; };
		004527C81ED55EEE00EDBC34 /* AuthBrowserController.swift */ = {isa = PBXFileReference; fileEncoding = 4; lastKnownFileType = sourcecode.swift; path = AuthBrowserController.swift; sourceTree = "<group>"; };
		004527C91ED55EEF00EDBC34 /* Logger.swift */ = {isa = PBXFileReference; fileEncoding = 4; lastKnownFileType = sourcecode.swift; path = Logger.swift; sourceTree = "<group>"; };
		00E8F9951ED7FE2400E94C80 /* NetworkAdapter.swift */ = {isa = PBXFileReference; fileEncoding = 4; lastKnownFileType = sourcecode.swift; path = NetworkAdapter.swift; sourceTree = "<group>"; };
/* End PBXFileReference section */

/* Begin PBXFrameworksBuildPhase section */
		004527691ED55EB500EDBC34 /* Frameworks */ = {
			isa = PBXFrameworksBuildPhase;
			buildActionMask = 2147483647;
			files = (
			);
			runOnlyForDeploymentPostprocessing = 0;
		};
		0045277D1ED55EB500EDBC34 /* Frameworks */ = {
			isa = PBXFrameworksBuildPhase;
			buildActionMask = 2147483647;
			files = (
			);
			runOnlyForDeploymentPostprocessing = 0;
		};
		004527881ED55EB500EDBC34 /* Frameworks */ = {
			isa = PBXFrameworksBuildPhase;
			buildActionMask = 2147483647;
			files = (
			);
			runOnlyForDeploymentPostprocessing = 0;
		};
/* End PBXFrameworksBuildPhase section */

/* Begin PBXGroup section */
		004527631ED55EB500EDBC34 = {
			isa = PBXGroup;
			children = (
				0045276E1ED55EB500EDBC34 /* OauthTest */,
				004527831ED55EB500EDBC34 /* OauthTestTests */,
				0045278E1ED55EB500EDBC34 /* OauthTestUITests */,
				0045276D1ED55EB500EDBC34 /* Products */,
			);
			sourceTree = "<group>";
		};
		0045276D1ED55EB500EDBC34 /* Products */ = {
			isa = PBXGroup;
			children = (
				0045276C1ED55EB500EDBC34 /* OauthTest.app */,
				004527801ED55EB500EDBC34 /* OauthTestTests.xctest */,
				0045278B1ED55EB500EDBC34 /* OauthTestUITests.xctest */,
			);
			name = Products;
			sourceTree = "<group>";
		};
		0045276E1ED55EB500EDBC34 /* OauthTest */ = {
			isa = PBXGroup;
			children = (
				0045276F1ED55EB500EDBC34 /* AppDelegate.swift */,
				004527711ED55EB500EDBC34 /* ViewController.swift */,
				004527731ED55EB500EDBC34 /* Main.storyboard */,
				004527761ED55EB500EDBC34 /* Assets.xcassets */,
				004527781ED55EB500EDBC34 /* LaunchScreen.storyboard */,
				0045277B1ED55EB500EDBC34 /* Info.plist */,
				00DF0D5B1EDBEC610046071B /* API */,
				004527A21ED55EEE00EDBC34 /* Auth */,
				004527C71ED55EEE00EDBC34 /* Utils */,
			);
			path = OauthTest;
			sourceTree = "<group>";
		};
		004527831ED55EB500EDBC34 /* OauthTestTests */ = {
			isa = PBXGroup;
			children = (
				004527841ED55EB500EDBC34 /* OauthTestTests.swift */,
				004527861ED55EB500EDBC34 /* Info.plist */,
			);
			path = OauthTestTests;
			sourceTree = "<group>";
		};
		0045278E1ED55EB500EDBC34 /* OauthTestUITests */ = {
			isa = PBXGroup;
			children = (
				0045278F1ED55EB500EDBC34 /* OauthTestUITests.swift */,
				004527911ED55EB500EDBC34 /* Info.plist */,
			);
			path = OauthTestUITests;
			sourceTree = "<group>";
		};
		004527A21ED55EEE00EDBC34 /* Auth */ = {
			isa = PBXGroup;
			children = (
				004527A31ED55EEE00EDBC34 /* ApiKeyAuth.swift */,
				004527A41ED55EEE00EDBC34 /* Authentication.swift */,
				004527A51ED55EEE00EDBC34 /* HTTPBasicAuth.swift */,
				004527A61ED55EEE00EDBC34 /* Keychain.swift */,
				004527A71ED55EEE00EDBC34 /* OAuth.swift */,
				004527A81ED55EEE00EDBC34 /* OAuthApplication.swift */,
				004527A91ED55EEE00EDBC34 /* OAuthExplicit.swift */,
				004527AA1ED55EEE00EDBC34 /* OAuthImplicit.swift */,
				004527AB1ED55EEE00EDBC34 /* OAuthPassword.swift */,
			);
			path = Auth;
			sourceTree = "<group>";
		};
		004527C71ED55EEE00EDBC34 /* Utils */ = {
			isa = PBXGroup;
			children = (
				004527C81ED55EEE00EDBC34 /* AuthBrowserController.swift */,
				004527C91ED55EEF00EDBC34 /* Logger.swift */,
			);
			path = Utils;
			sourceTree = "<group>";
		};
		00DF0D5B1EDBEC610046071B /* API */ = {
			isa = PBXGroup;
			children = (
				00E8F9951ED7FE2400E94C80 /* NetworkAdapter.swift */,
			);
			name = API;
			sourceTree = "<group>";
		};
/* End PBXGroup section */

/* Begin PBXNativeTarget section */
		0045276B1ED55EB500EDBC34 /* OauthTest */ = {
			isa = PBXNativeTarget;
			buildConfigurationList = 004527941ED55EB600EDBC34 /* Build configuration list for PBXNativeTarget "OauthTest" */;
			buildPhases = (
				004527681ED55EB500EDBC34 /* Sources */,
				004527691ED55EB500EDBC34 /* Frameworks */,
				0045276A1ED55EB500EDBC34 /* Resources */,
			);
			buildRules = (
			);
			dependencies = (
			);
			name = OauthTest;
			productName = OauthTest;
			productReference = 0045276C1ED55EB500EDBC34 /* OauthTest.app */;
			productType = "com.apple.product-type.application";
		};
		0045277F1ED55EB500EDBC34 /* OauthTestTests */ = {
			isa = PBXNativeTarget;
			buildConfigurationList = 004527971ED55EB600EDBC34 /* Build configuration list for PBXNativeTarget "OauthTestTests" */;
			buildPhases = (
				0045277C1ED55EB500EDBC34 /* Sources */,
				0045277D1ED55EB500EDBC34 /* Frameworks */,
				0045277E1ED55EB500EDBC34 /* Resources */,
			);
			buildRules = (
			);
			dependencies = (
				004527821ED55EB500EDBC34 /* PBXTargetDependency */,
			);
			name = OauthTestTests;
			productName = OauthTestTests;
			productReference = 004527801ED55EB500EDBC34 /* OauthTestTests.xctest */;
			productType = "com.apple.product-type.bundle.unit-test";
		};
		0045278A1ED55EB500EDBC34 /* OauthTestUITests */ = {
			isa = PBXNativeTarget;
			buildConfigurationList = 0045279A1ED55EB600EDBC34 /* Build configuration list for PBXNativeTarget "OauthTestUITests" */;
			buildPhases = (
				004527871ED55EB500EDBC34 /* Sources */,
				004527881ED55EB500EDBC34 /* Frameworks */,
				004527891ED55EB500EDBC34 /* Resources */,
			);
			buildRules = (
			);
			dependencies = (
				0045278D1ED55EB500EDBC34 /* PBXTargetDependency */,
			);
			name = OauthTestUITests;
			productName = OauthTestUITests;
			productReference = 0045278B1ED55EB500EDBC34 /* OauthTestUITests.xctest */;
			productType = "com.apple.product-type.bundle.ui-testing";
		};
/* End PBXNativeTarget section */

/* Begin PBXProject section */
		004527641ED55EB500EDBC34 /* Project object */ = {
			isa = PBXProject;
			attributes = {
				LastSwiftUpdateCheck = 0830;
				LastUpgradeCheck = 0830;
				ORGANIZATIONNAME = "vamshi Krishna Sajjana";
				TargetAttributes = {
					0045276B1ED55EB500EDBC34 = {
						CreatedOnToolsVersion = 8.3.2;
						ProvisioningStyle = Automatic;
					};
					0045277F1ED55EB500EDBC34 = {
						CreatedOnToolsVersion = 8.3.2;
						ProvisioningStyle = Automatic;
						TestTargetID = 0045276B1ED55EB500EDBC34;
					};
					0045278A1ED55EB500EDBC34 = {
						CreatedOnToolsVersion = 8.3.2;
						ProvisioningStyle = Automatic;
						TestTargetID = 0045276B1ED55EB500EDBC34;
					};
				};
			};
			buildConfigurationList = 004527671ED55EB500EDBC34 /* Build configuration list for PBXProject "OauthTest" */;
			compatibilityVersion = "Xcode 3.2";
			developmentRegion = English;
			hasScannedForEncodings = 0;
			knownRegions = (
				en,
				Base,
			);
			mainGroup = 004527631ED55EB500EDBC34;
			productRefGroup = 0045276D1ED55EB500EDBC34 /* Products */;
			projectDirPath = "";
			projectRoot = "";
			targets = (
				0045276B1ED55EB500EDBC34 /* OauthTest */,
				0045277F1ED55EB500EDBC34 /* OauthTestTests */,
				0045278A1ED55EB500EDBC34 /* OauthTestUITests */,
			);
		};
/* End PBXProject section */

/* Begin PBXResourcesBuildPhase section */
		0045276A1ED55EB500EDBC34 /* Resources */ = {
			isa = PBXResourcesBuildPhase;
			buildActionMask = 2147483647;
			files = (
				0045277A1ED55EB500EDBC34 /* LaunchScreen.storyboard in Resources */,
				004527771ED55EB500EDBC34 /* Assets.xcassets in Resources */,
				004527751ED55EB500EDBC34 /* Main.storyboard in Resources */,
			);
			runOnlyForDeploymentPostprocessing = 0;
		};
		0045277E1ED55EB500EDBC34 /* Resources */ = {
			isa = PBXResourcesBuildPhase;
			buildActionMask = 2147483647;
			files = (
			);
			runOnlyForDeploymentPostprocessing = 0;
		};
		004527891ED55EB500EDBC34 /* Resources */ = {
			isa = PBXResourcesBuildPhase;
			buildActionMask = 2147483647;
			files = (
			);
			runOnlyForDeploymentPostprocessing = 0;
		};
/* End PBXResourcesBuildPhase section */

/* Begin PBXSourcesBuildPhase section */
		004527681ED55EB500EDBC34 /* Sources */ = {
			isa = PBXSourcesBuildPhase;
			buildActionMask = 2147483647;
			files = (
				004527F01ED55EEF00EDBC34 /* AuthBrowserController.swift in Sources */,
				004527D61ED55EEF00EDBC34 /* OAuthPassword.swift in Sources */,
				00E8F9961ED7FE2400E94C80 /* NetworkAdapter.swift in Sources */,
				004527CE1ED55EEF00EDBC34 /* ApiKeyAuth.swift in Sources */,
				004527D01ED55EEF00EDBC34 /* HTTPBasicAuth.swift in Sources */,
				004527721ED55EB500EDBC34 /* ViewController.swift in Sources */,
				004527F11ED55EEF00EDBC34 /* Logger.swift in Sources */,
				004527D51ED55EEF00EDBC34 /* OAuthImplicit.swift in Sources */,
				004527D21ED55EEF00EDBC34 /* OAuth.swift in Sources */,
				004527701ED55EB500EDBC34 /* AppDelegate.swift in Sources */,
				004527CF1ED55EEF00EDBC34 /* Authentication.swift in Sources */,
				004527D41ED55EEF00EDBC34 /* OAuthExplicit.swift in Sources */,
				004527D31ED55EEF00EDBC34 /* OAuthApplication.swift in Sources */,
				004527D11ED55EEF00EDBC34 /* Keychain.swift in Sources */,
			);
			runOnlyForDeploymentPostprocessing = 0;
		};
		0045277C1ED55EB500EDBC34 /* Sources */ = {
			isa = PBXSourcesBuildPhase;
			buildActionMask = 2147483647;
			files = (
				004527851ED55EB500EDBC34 /* OauthTestTests.swift in Sources */,
			);
			runOnlyForDeploymentPostprocessing = 0;
		};
		004527871ED55EB500EDBC34 /* Sources */ = {
			isa = PBXSourcesBuildPhase;
			buildActionMask = 2147483647;
			files = (
				004527901ED55EB500EDBC34 /* OauthTestUITests.swift in Sources */,
			);
			runOnlyForDeploymentPostprocessing = 0;
		};
/* End PBXSourcesBuildPhase section */

/* Begin PBXTargetDependency section */
		004527821ED55EB500EDBC34 /* PBXTargetDependency */ = {
			isa = PBXTargetDependency;
			target = 0045276B1ED55EB500EDBC34 /* OauthTest */;
			targetProxy = 004527811ED55EB500EDBC34 /* PBXContainerItemProxy */;
		};
		0045278D1ED55EB500EDBC34 /* PBXTargetDependency */ = {
			isa = PBXTargetDependency;
			target = 0045276B1ED55EB500EDBC34 /* OauthTest */;
			targetProxy = 0045278C1ED55EB500EDBC34 /* PBXContainerItemProxy */;
		};
/* End PBXTargetDependency section */

/* Begin PBXVariantGroup section */
		004527731ED55EB500EDBC34 /* Main.storyboard */ = {
			isa = PBXVariantGroup;
			children = (
				004527741ED55EB500EDBC34 /* Base */,
			);
			name = Main.storyboard;
			sourceTree = "<group>";
		};
		004527781ED55EB500EDBC34 /* LaunchScreen.storyboard */ = {
			isa = PBXVariantGroup;
			children = (
				004527791ED55EB500EDBC34 /* Base */,
			);
			name = LaunchScreen.storyboard;
			sourceTree = "<group>";
		};
/* End PBXVariantGroup section */

/* Begin XCBuildConfiguration section */
		004527921ED55EB600EDBC34 /* Debug */ = {
			isa = XCBuildConfiguration;
			buildSettings = {
				ALWAYS_SEARCH_USER_PATHS = NO;
				CLANG_ANALYZER_NONNULL = YES;
				CLANG_ANALYZER_NUMBER_OBJECT_CONVERSION = YES_AGGRESSIVE;
				CLANG_CXX_LANGUAGE_STANDARD = "gnu++0x";
				CLANG_CXX_LIBRARY = "libc++";
				CLANG_ENABLE_MODULES = YES;
				CLANG_ENABLE_OBJC_ARC = YES;
				CLANG_WARN_BOOL_CONVERSION = YES;
				CLANG_WARN_CONSTANT_CONVERSION = YES;
				CLANG_WARN_DIRECT_OBJC_ISA_USAGE = YES_ERROR;
				CLANG_WARN_DOCUMENTATION_COMMENTS = YES;
				CLANG_WARN_EMPTY_BODY = YES;
				CLANG_WARN_ENUM_CONVERSION = YES;
				CLANG_WARN_INFINITE_RECURSION = YES;
				CLANG_WARN_INT_CONVERSION = YES;
				CLANG_WARN_OBJC_ROOT_CLASS = YES_ERROR;
				CLANG_WARN_SUSPICIOUS_MOVE = YES;
				CLANG_WARN_UNREACHABLE_CODE = YES;
				CLANG_WARN__DUPLICATE_METHOD_MATCH = YES;
				"CODE_SIGN_IDENTITY[sdk=iphoneos*]" = "iPhone Developer";
				COPY_PHASE_STRIP = NO;
				DEBUG_INFORMATION_FORMAT = dwarf;
				ENABLE_STRICT_OBJC_MSGSEND = YES;
				ENABLE_TESTABILITY = YES;
				GCC_C_LANGUAGE_STANDARD = gnu99;
				GCC_DYNAMIC_NO_PIC = NO;
				GCC_NO_COMMON_BLOCKS = YES;
				GCC_OPTIMIZATION_LEVEL = 0;
				GCC_PREPROCESSOR_DEFINITIONS = (
					"DEBUG=1",
					"$(inherited)",
				);
				GCC_WARN_64_TO_32_BIT_CONVERSION = YES;
				GCC_WARN_ABOUT_RETURN_TYPE = YES_ERROR;
				GCC_WARN_UNDECLARED_SELECTOR = YES;
				GCC_WARN_UNINITIALIZED_AUTOS = YES_AGGRESSIVE;
				GCC_WARN_UNUSED_FUNCTION = YES;
				GCC_WARN_UNUSED_VARIABLE = YES;
				IPHONEOS_DEPLOYMENT_TARGET = 10.3;
				MTL_ENABLE_DEBUG_INFO = YES;
				ONLY_ACTIVE_ARCH = YES;
				SDKROOT = iphoneos;
				SWIFT_ACTIVE_COMPILATION_CONDITIONS = DEBUG;
				SWIFT_OPTIMIZATION_LEVEL = "-Onone";
				TARGETED_DEVICE_FAMILY = "1,2";
			};
			name = Debug;
		};
		004527931ED55EB600EDBC34 /* Release */ = {
			isa = XCBuildConfiguration;
			buildSettings = {
				ALWAYS_SEARCH_USER_PATHS = NO;
				CLANG_ANALYZER_NONNULL = YES;
				CLANG_ANALYZER_NUMBER_OBJECT_CONVERSION = YES_AGGRESSIVE;
				CLANG_CXX_LANGUAGE_STANDARD = "gnu++0x";
				CLANG_CXX_LIBRARY = "libc++";
				CLANG_ENABLE_MODULES = YES;
				CLANG_ENABLE_OBJC_ARC = YES;
				CLANG_WARN_BOOL_CONVERSION = YES;
				CLANG_WARN_CONSTANT_CONVERSION = YES;
				CLANG_WARN_DIRECT_OBJC_ISA_USAGE = YES_ERROR;
				CLANG_WARN_DOCUMENTATION_COMMENTS = YES;
				CLANG_WARN_EMPTY_BODY = YES;
				CLANG_WARN_ENUM_CONVERSION = YES;
				CLANG_WARN_INFINITE_RECURSION = YES;
				CLANG_WARN_INT_CONVERSION = YES;
				CLANG_WARN_OBJC_ROOT_CLASS = YES_ERROR;
				CLANG_WARN_SUSPICIOUS_MOVE = YES;
				CLANG_WARN_UNREACHABLE_CODE = YES;
				CLANG_WARN__DUPLICATE_METHOD_MATCH = YES;
				"CODE_SIGN_IDENTITY[sdk=iphoneos*]" = "iPhone Developer";
				COPY_PHASE_STRIP = NO;
				DEBUG_INFORMATION_FORMAT = "dwarf-with-dsym";
				ENABLE_NS_ASSERTIONS = NO;
				ENABLE_STRICT_OBJC_MSGSEND = YES;
				GCC_C_LANGUAGE_STANDARD = gnu99;
				GCC_NO_COMMON_BLOCKS = YES;
				GCC_WARN_64_TO_32_BIT_CONVERSION = YES;
				GCC_WARN_ABOUT_RETURN_TYPE = YES_ERROR;
				GCC_WARN_UNDECLARED_SELECTOR = YES;
				GCC_WARN_UNINITIALIZED_AUTOS = YES_AGGRESSIVE;
				GCC_WARN_UNUSED_FUNCTION = YES;
				GCC_WARN_UNUSED_VARIABLE = YES;
				IPHONEOS_DEPLOYMENT_TARGET = 10.3;
				MTL_ENABLE_DEBUG_INFO = NO;
				SDKROOT = iphoneos;
				SWIFT_OPTIMIZATION_LEVEL = "-Owholemodule";
				TARGETED_DEVICE_FAMILY = "1,2";
				VALIDATE_PRODUCT = YES;
			};
			name = Release;
		};
		004527951ED55EB600EDBC34 /* Debug */ = {
			isa = XCBuildConfiguration;
			buildSettings = {
				ASSETCATALOG_COMPILER_APPICON_NAME = AppIcon;
				INFOPLIST_FILE = OauthTest/Info.plist;
				LD_RUNPATH_SEARCH_PATHS = "$(inherited) @executable_path/Frameworks";
				PRODUCT_BUNDLE_IDENTIFIER = test.innominds.com.OauthTest;
				PRODUCT_NAME = "$(TARGET_NAME)";
				SWIFT_VERSION = 3.0;
			};
			name = Debug;
		};
		004527961ED55EB600EDBC34 /* Release */ = {
			isa = XCBuildConfiguration;
			buildSettings = {
				ASSETCATALOG_COMPILER_APPICON_NAME = AppIcon;
				INFOPLIST_FILE = OauthTest/Info.plist;
				LD_RUNPATH_SEARCH_PATHS = "$(inherited) @executable_path/Frameworks";
				PRODUCT_BUNDLE_IDENTIFIER = test.innominds.com.OauthTest;
				PRODUCT_NAME = "$(TARGET_NAME)";
				SWIFT_VERSION = 3.0;
			};
			name = Release;
		};
		004527981ED55EB600EDBC34 /* Debug */ = {
			isa = XCBuildConfiguration;
			buildSettings = {
				ALWAYS_EMBED_SWIFT_STANDARD_LIBRARIES = YES;
				BUNDLE_LOADER = "$(TEST_HOST)";
				INFOPLIST_FILE = OauthTestTests/Info.plist;
				LD_RUNPATH_SEARCH_PATHS = "$(inherited) @executable_path/Frameworks @loader_path/Frameworks";
				PRODUCT_BUNDLE_IDENTIFIER = test.innominds.com.OauthTestTests;
				PRODUCT_NAME = "$(TARGET_NAME)";
				SWIFT_VERSION = 3.0;
				TEST_HOST = "$(BUILT_PRODUCTS_DIR)/OauthTest.app/OauthTest";
			};
			name = Debug;
		};
		004527991ED55EB600EDBC34 /* Release */ = {
			isa = XCBuildConfiguration;
			buildSettings = {
				ALWAYS_EMBED_SWIFT_STANDARD_LIBRARIES = YES;
				BUNDLE_LOADER = "$(TEST_HOST)";
				INFOPLIST_FILE = OauthTestTests/Info.plist;
				LD_RUNPATH_SEARCH_PATHS = "$(inherited) @executable_path/Frameworks @loader_path/Frameworks";
				PRODUCT_BUNDLE_IDENTIFIER = test.innominds.com.OauthTestTests;
				PRODUCT_NAME = "$(TARGET_NAME)";
				SWIFT_VERSION = 3.0;
				TEST_HOST = "$(BUILT_PRODUCTS_DIR)/OauthTest.app/OauthTest";
			};
			name = Release;
		};
		0045279B1ED55EB600EDBC34 /* Debug */ = {
			isa = XCBuildConfiguration;
			buildSettings = {
				ALWAYS_EMBED_SWIFT_STANDARD_LIBRARIES = YES;
				INFOPLIST_FILE = OauthTestUITests/Info.plist;
				LD_RUNPATH_SEARCH_PATHS = "$(inherited) @executable_path/Frameworks @loader_path/Frameworks";
				PRODUCT_BUNDLE_IDENTIFIER = test.innominds.com.OauthTestUITests;
				PRODUCT_NAME = "$(TARGET_NAME)";
				SWIFT_VERSION = 3.0;
				TEST_TARGET_NAME = OauthTest;
			};
			name = Debug;
		};
		0045279C1ED55EB600EDBC34 /* Release */ = {
			isa = XCBuildConfiguration;
			buildSettings = {
				ALWAYS_EMBED_SWIFT_STANDARD_LIBRARIES = YES;
				INFOPLIST_FILE = OauthTestUITests/Info.plist;
				LD_RUNPATH_SEARCH_PATHS = "$(inherited) @executable_path/Frameworks @loader_path/Frameworks";
				PRODUCT_BUNDLE_IDENTIFIER = test.innominds.com.OauthTestUITests;
				PRODUCT_NAME = "$(TARGET_NAME)";
				SWIFT_VERSION = 3.0;
				TEST_TARGET_NAME = OauthTest;
			};
			name = Release;
		};
/* End XCBuildConfiguration section */

/* Begin XCConfigurationList section */
		004527671ED55EB500EDBC34 /* Build configuration list for PBXProject "OauthTest" */ = {
			isa = XCConfigurationList;
			buildConfigurations = (
				004527921ED55EB600EDBC34 /* Debug */,
				004527931ED55EB600EDBC34 /* Release */,
			);
			defaultConfigurationIsVisible = 0;
			defaultConfigurationName = Release;
		};
		004527941ED55EB600EDBC34 /* Build configuration list for PBXNativeTarget "OauthTest" */ = {
			isa = XCConfigurationList;
			buildConfigurations = (
				004527951ED55EB600EDBC34 /* Debug */,
				004527961ED55EB600EDBC34 /* Release */,
			);
			defaultConfigurationIsVisible = 0;
			defaultConfigurationName = Release;
		};
		004527971ED55EB600EDBC34 /* Build configuration list for PBXNativeTarget "OauthTestTests" */ = {
			isa = XCConfigurationList;
			buildConfigurations = (
				004527981ED55EB600EDBC34 /* Debug */,
				004527991ED55EB600EDBC34 /* Release */,
			);
			defaultConfigurationIsVisible = 0;
			defaultConfigurationName = Release;
		};
		0045279A1ED55EB600EDBC34 /* Build configuration list for PBXNativeTarget "OauthTestUITests" */ = {
			isa = XCConfigurationList;
			buildConfigurations = (
				0045279B1ED55EB600EDBC34 /* Debug */,
				0045279C1ED55EB600EDBC34 /* Release */,
			);
			defaultConfigurationIsVisible = 0;
			defaultConfigurationName = Release;
		};
/* End XCConfigurationList section */
	};
	rootObject = 004527641ED55EB500EDBC34 /* Project object */;
}
